
Microsoft Visual Studio Solution File, Format Version 12.00
# Visual Studio Version 17
VisualStudioVersion = 17.0.31717.71
MinimumVisualStudioVersion = 10.0.40219.1
Project("{9A19103F-16F7-4668-BE54-9A1E7A4F7556}") = "Fituska.Client", "Fituska.Client\Fituska.Client.csproj", "{A012FBC5-CCBC-4BCC-BFBA-C5309650E224}"
EndProject
Project("{9A19103F-16F7-4668-BE54-9A1E7A4F7556}") = "Fituska.Server", "Fituska.Server\Fituska.Server.csproj", "{EEED0263-3C96-41F9-8E60-8C6F189F1D1D}"
EndProject
Project("{9A19103F-16F7-4668-BE54-9A1E7A4F7556}") = "Fituska.Shared", "Fituska.Shared\Fituska.Shared.csproj", "{E26436C1-923C-4666-ACA1-5EEE5B628686}"
EndProject
Project("{2150E333-8FDC-42A3-9474-1A3956D46DE8}") = "Solution Items", "Solution Items", "{6E4480BE-3AA8-4E93-A1E3-33437E3B6E2C}"
	ProjectSection(SolutionItems) = preProject
		.editorconfig = .editorconfig
	EndProjectSection
EndProject
Project("{9A19103F-16F7-4668-BE54-9A1E7A4F7556}") = "FituskaTests.DAL", "FituskaTests\FituskaTests.DAL.csproj", "{F0C87573-9167-4A70-B4D8-2521FC4970D0}"
EndProject
Global
	GlobalSection(SolutionConfigurationPlatforms) = preSolution
		Debug|Any CPU = Debug|Any CPU
		Release|Any CPU = Release|Any CPU
	EndGlobalSection
	GlobalSection(ProjectConfigurationPlatforms) = postSolution
		{A012FBC5-CCBC-4BCC-BFBA-C5309650E224}.Debug|Any CPU.ActiveCfg = Debug|Any CPU
		{A012FBC5-CCBC-4BCC-BFBA-C5309650E224}.Debug|Any CPU.Build.0 = Debug|Any CPU
		{A012FBC5-CCBC-4BCC-BFBA-C5309650E224}.Release|Any CPU.ActiveCfg = Release|Any CPU
		{A012FBC5-CCBC-4BCC-BFBA-C5309650E224}.Release|Any CPU.Build.0 = Release|Any CPU
		{EEED0263-3C96-41F9-8E60-8C6F189F1D1D}.Debug|Any CPU.ActiveCfg = Debug|Any CPU
		{EEED0263-3C96-41F9-8E60-8C6F189F1D1D}.Debug|Any CPU.Build.0 = Debug|Any CPU
		{EEED0263-3C96-41F9-8E60-8C6F189F1D1D}.Release|Any CPU.ActiveCfg = Release|Any CPU
		{EEED0263-3C96-41F9-8E60-8C6F189F1D1D}.Release|Any CPU.Build.0 = Release|Any CPU
		{E26436C1-923C-4666-ACA1-5EEE5B628686}.Debug|Any CPU.ActiveCfg = Debug|Any CPU
		{E26436C1-923C-4666-ACA1-5EEE5B628686}.Debug|Any CPU.Build.0 = Debug|Any CPU
		{E26436C1-923C-4666-ACA1-5EEE5B628686}.Release|Any CPU.ActiveCfg = Release|Any CPU
		{E26436C1-923C-4666-ACA1-5EEE5B628686}.Release|Any CPU.Build.0 = Release|Any CPU
		{F0C87573-9167-4A70-B4D8-2521FC4970D0}.Debug|Any CPU.ActiveCfg = Debug|Any CPU
		{F0C87573-9167-4A70-B4D8-2521FC4970D0}.Debug|Any CPU.Build.0 = Debug|Any CPU
		{F0C87573-9167-4A70-B4D8-2521FC4970D0}.Release|Any CPU.ActiveCfg = Release|Any CPU
		{F0C87573-9167-4A70-B4D8-2521FC4970D0}.Release|Any CPU.Build.0 = Release|Any CPU
	EndGlobalSection
	GlobalSection(SolutionProperties) = preSolution
		HideSolutionNode = FALSE
	EndGlobalSection
	GlobalSection(ExtensibilityGlobals) = postSolution
		SolutionGuid = {480330DC-B3C6-48DC-9395-2D7CC07BF015}
	EndGlobalSection
EndGlobal
