
Microsoft Visual Studio Solution File, Format Version 12.00
# Visual Studio Version 17
VisualStudioVersion = 17.0.31717.71
MinimumVisualStudioVersion = 10.0.40219.1
Project("{9A19103F-16F7-4668-BE54-9A1E7A4F7556}") = "Fituska.Server", "Fituska\Server\Fituska.Server.csproj", "{18FD4773-D8A7-4295-A539-4E9C12761627}"
EndProject
Project("{9A19103F-16F7-4668-BE54-9A1E7A4F7556}") = "Fituska.Client", "Fituska\Client\Fituska.Client.csproj", "{9BEC6068-9617-408B-A26C-8A893659D7CE}"
EndProject
Project("{9A19103F-16F7-4668-BE54-9A1E7A4F7556}") = "Fituska.Shared", "Fituska\Shared\Fituska.Shared.csproj", "{44AF219E-6D46-4096-9663-6E7A4326993F}"
EndProject
Project("{FAE04EC0-301F-11D3-BF4B-00C04F79EFBC}") = "DALTests", "DALTests\DALTests.csproj", "{263A5E24-817C-4DDE-93F1-1F85E0D17138}"
EndProject
Global
	GlobalSection(SolutionConfigurationPlatforms) = preSolution
		Debug|Any CPU = Debug|Any CPU
		Release|Any CPU = Release|Any CPU
	EndGlobalSection
	GlobalSection(ProjectConfigurationPlatforms) = postSolution
		{18FD4773-D8A7-4295-A539-4E9C12761627}.Debug|Any CPU.ActiveCfg = Debug|Any CPU
		{18FD4773-D8A7-4295-A539-4E9C12761627}.Debug|Any CPU.Build.0 = Debug|Any CPU
		{18FD4773-D8A7-4295-A539-4E9C12761627}.Release|Any CPU.ActiveCfg = Release|Any CPU
		{18FD4773-D8A7-4295-A539-4E9C12761627}.Release|Any CPU.Build.0 = Release|Any CPU
		{9BEC6068-9617-408B-A26C-8A893659D7CE}.Debug|Any CPU.ActiveCfg = Debug|Any CPU
		{9BEC6068-9617-408B-A26C-8A893659D7CE}.Debug|Any CPU.Build.0 = Debug|Any CPU
		{9BEC6068-9617-408B-A26C-8A893659D7CE}.Release|Any CPU.ActiveCfg = Release|Any CPU
		{9BEC6068-9617-408B-A26C-8A893659D7CE}.Release|Any CPU.Build.0 = Release|Any CPU
		{44AF219E-6D46-4096-9663-6E7A4326993F}.Debug|Any CPU.ActiveCfg = Debug|Any CPU
		{44AF219E-6D46-4096-9663-6E7A4326993F}.Debug|Any CPU.Build.0 = Debug|Any CPU
		{44AF219E-6D46-4096-9663-6E7A4326993F}.Release|Any CPU.ActiveCfg = Release|Any CPU
		{44AF219E-6D46-4096-9663-6E7A4326993F}.Release|Any CPU.Build.0 = Release|Any CPU
		{263A5E24-817C-4DDE-93F1-1F85E0D17138}.Debug|Any CPU.ActiveCfg = Debug|Any CPU
		{263A5E24-817C-4DDE-93F1-1F85E0D17138}.Debug|Any CPU.Build.0 = Debug|Any CPU
		{263A5E24-817C-4DDE-93F1-1F85E0D17138}.Release|Any CPU.ActiveCfg = Release|Any CPU
		{263A5E24-817C-4DDE-93F1-1F85E0D17138}.Release|Any CPU.Build.0 = Release|Any CPU
	EndGlobalSection
	GlobalSection(SolutionProperties) = preSolution
		HideSolutionNode = FALSE
	EndGlobalSection
	GlobalSection(ExtensibilityGlobals) = postSolution
		SolutionGuid = {66D9778F-53EC-44DE-940B-5A719AAA3BCD}
	EndGlobalSection
EndGlobal
